// !$*UTF8*$!
{
	archiveVersion = 1;
	classes = {
	};
	objectVersion = 46;
	objects = {

/* Begin PBXBuildFile section */
		620B620E19F0F24400D3322C /* Foundation.framework in Frameworks */ = {isa = PBXBuildFile; fileRef = 620B620D19F0F24400D3322C /* Foundation.framework */; };
		620B621019F0F24400D3322C /* CoreGraphics.framework in Frameworks */ = {isa = PBXBuildFile; fileRef = 620B620F19F0F24400D3322C /* CoreGraphics.framework */; };
		620B621219F0F24400D3322C /* UIKit.framework in Frameworks */ = {isa = PBXBuildFile; fileRef = 620B621119F0F24400D3322C /* UIKit.framework */; };
		620B621819F0F24400D3322C /* InfoPlist.strings in Resources */ = {isa = PBXBuildFile; fileRef = 620B621619F0F24400D3322C /* InfoPlist.strings */; };
		620B621A19F0F24400D3322C /* main.m in Sources */ = {isa = PBXBuildFile; fileRef = 620B621919F0F24400D3322C /* main.m */; };
		620B621E19F0F24400D3322C /* PISKAppDelegate.m in Sources */ = {isa = PBXBuildFile; fileRef = 620B621D19F0F24400D3322C /* PISKAppDelegate.m */; };
		620B622119F0F24400D3322C /* Main.storyboard in Resources */ = {isa = PBXBuildFile; fileRef = 620B621F19F0F24400D3322C /* Main.storyboard */; };
		620B622419F0F24400D3322C /* PISKViewController.m in Sources */ = {isa = PBXBuildFile; fileRef = 620B622319F0F24400D3322C /* PISKViewController.m */; };
		620B622619F0F24400D3322C /* Images.xcassets in Resources */ = {isa = PBXBuildFile; fileRef = 620B622519F0F24400D3322C /* Images.xcassets */; };
		620B622D19F0F24400D3322C /* XCTest.framework in Frameworks */ = {isa = PBXBuildFile; fileRef = 620B622C19F0F24400D3322C /* XCTest.framework */; };
		620B622E19F0F24400D3322C /* Foundation.framework in Frameworks */ = {isa = PBXBuildFile; fileRef = 620B620D19F0F24400D3322C /* Foundation.framework */; };
		620B622F19F0F24400D3322C /* UIKit.framework in Frameworks */ = {isa = PBXBuildFile; fileRef = 620B621119F0F24400D3322C /* UIKit.framework */; };
		620B623719F0F24400D3322C /* InfoPlist.strings in Resources */ = {isa = PBXBuildFile; fileRef = 620B623519F0F24400D3322C /* InfoPlist.strings */; };
		620B624419F0F2C400D3322C /* map1.json in Resources */ = {isa = PBXBuildFile; fileRef = 620B624319F0F2C400D3322C /* map1.json */; };
		620B624819F1559100D3322C /* PISKGame.m in Sources */ = {isa = PBXBuildFile; fileRef = 620B624719F1559100D3322C /* PISKGame.m */; };
		620B624D19F176EE00D3322C /* PISKGameQuadTree.m in Sources */ = {isa = PBXBuildFile; fileRef = 620B624C19F176EE00D3322C /* PISKGameQuadTree.m */; };
		620B625019F1794D00D3322C /* GLKit.framework in Frameworks */ = {isa = PBXBuildFile; fileRef = 620B624E19F1794D00D3322C /* GLKit.framework */; };
		620B625119F1794D00D3322C /* OpenGLES.framework in Frameworks */ = {isa = PBXBuildFile; fileRef = 620B624F19F1794D00D3322C /* OpenGLES.framework */; };
		626E2B6D19F79042006FB619 /* PISKGameCar.m in Sources */ = {isa = PBXBuildFile; fileRef = 626E2B6C19F79042006FB619 /* PISKGameCar.m */; };
		626E2B7119F93DF2006FB619 /* PISKMCRoadFragment.m in Sources */ = {isa = PBXBuildFile; fileRef = 626E2B7019F93DF2006FB619 /* PISKMCRoadFragment.m */; };
		62779E9019F56A2A00863231 /* PISK__QuadTree.m in Sources */ = {isa = PBXBuildFile; fileRef = 62779E8F19F56A2A00863231 /* PISK__QuadTree.m */; };
		6292E5EB19F258FB0048BF2E /* PISKGameSegment.m in Sources */ = {isa = PBXBuildFile; fileRef = 6292E5EA19F258FB0048BF2E /* PISKGameSegment.m */; };
		6292E5F219F265B30048BF2E /* PISKMapCompiller.m in Sources */ = {isa = PBXBuildFile; fileRef = 6292E5F119F265B30048BF2E /* PISKMapCompiller.m */; };
		6292E5F519F2B98C0048BF2E /* PISKMCGroundFragment.m in Sources */ = {isa = PBXBuildFile; fileRef = 6292E5F419F2B98C0048BF2E /* PISKMCGroundFragment.m */; };
		6292E5F719F50EF10048BF2E /* PISK__GameSegment.m in Sources */ = {isa = PBXBuildFile; fileRef = 6292E5F619F50EF10048BF2E /* PISK__GameSegment.m */; };
/* End PBXBuildFile section */

/* Begin PBXContainerItemProxy section */
		620B623019F0F24400D3322C /* PBXContainerItemProxy */ = {
			isa = PBXContainerItemProxy;
			containerPortal = 620B620219F0F24400D3322C /* Project object */;
			proxyType = 1;
			remoteGlobalIDString = 620B620919F0F24400D3322C;
			remoteInfo = "glk-game-racer";
		};
/* End PBXContainerItemProxy section */

/* Begin PBXFileReference section */
		620B620A19F0F24400D3322C /* glk-game-racer.app */ = {isa = PBXFileReference; explicitFileType = wrapper.application; includeInIndex = 0; path = "glk-game-racer.app"; sourceTree = BUILT_PRODUCTS_DIR; };
		620B620D19F0F24400D3322C /* Foundation.framework */ = {isa = PBXFileReference; lastKnownFileType = wrapper.framework; name = Foundation.framework; path = System/Library/Frameworks/Foundation.framework; sourceTree = SDKROOT; };
		620B620F19F0F24400D3322C /* CoreGraphics.framework */ = {isa = PBXFileReference; lastKnownFileType = wrapper.framework; name = CoreGraphics.framework; path = System/Library/Frameworks/CoreGraphics.framework; sourceTree = SDKROOT; };
		620B621119F0F24400D3322C /* UIKit.framework */ = {isa = PBXFileReference; lastKnownFileType = wrapper.framework; name = UIKit.framework; path = System/Library/Frameworks/UIKit.framework; sourceTree = SDKROOT; };
		620B621519F0F24400D3322C /* glk-game-racer-Info.plist */ = {isa = PBXFileReference; lastKnownFileType = text.plist.xml; path = "glk-game-racer-Info.plist"; sourceTree = "<group>"; };
		620B621719F0F24400D3322C /* en */ = {isa = PBXFileReference; lastKnownFileType = text.plist.strings; name = en; path = en.lproj/InfoPlist.strings; sourceTree = "<group>"; };
		620B621919F0F24400D3322C /* main.m */ = {isa = PBXFileReference; lastKnownFileType = sourcecode.c.objc; path = main.m; sourceTree = "<group>"; };
		620B621B19F0F24400D3322C /* glk-game-racer-Prefix.pch */ = {isa = PBXFileReference; lastKnownFileType = sourcecode.c.h; path = "glk-game-racer-Prefix.pch"; sourceTree = "<group>"; };
		620B621C19F0F24400D3322C /* PISKAppDelegate.h */ = {isa = PBXFileReference; lastKnownFileType = sourcecode.c.h; path = PISKAppDelegate.h; sourceTree = "<group>"; };
		620B621D19F0F24400D3322C /* PISKAppDelegate.m */ = {isa = PBXFileReference; lastKnownFileType = sourcecode.c.objc; path = PISKAppDelegate.m; sourceTree = "<group>"; };
		620B622019F0F24400D3322C /* Base */ = {isa = PBXFileReference; lastKnownFileType = file.storyboard; name = Base; path = Base.lproj/Main.storyboard; sourceTree = "<group>"; };
		620B622219F0F24400D3322C /* PISKViewController.h */ = {isa = PBXFileReference; lastKnownFileType = sourcecode.c.h; path = PISKViewController.h; sourceTree = "<group>"; };
		620B622319F0F24400D3322C /* PISKViewController.m */ = {isa = PBXFileReference; lastKnownFileType = sourcecode.c.objc; path = PISKViewController.m; sourceTree = "<group>"; };
		620B622519F0F24400D3322C /* Images.xcassets */ = {isa = PBXFileReference; lastKnownFileType = folder.assetcatalog; path = Images.xcassets; sourceTree = "<group>"; };
		620B622B19F0F24400D3322C /* glk-game-racerTests.xctest */ = {isa = PBXFileReference; explicitFileType = wrapper.cfbundle; includeInIndex = 0; path = "glk-game-racerTests.xctest"; sourceTree = BUILT_PRODUCTS_DIR; };
		620B622C19F0F24400D3322C /* XCTest.framework */ = {isa = PBXFileReference; lastKnownFileType = wrapper.framework; name = XCTest.framework; path = Library/Frameworks/XCTest.framework; sourceTree = DEVELOPER_DIR; };
		620B623419F0F24400D3322C /* glk-game-racerTests-Info.plist */ = {isa = PBXFileReference; lastKnownFileType = text.plist.xml; path = "glk-game-racerTests-Info.plist"; sourceTree = "<group>"; };
		620B623619F0F24400D3322C /* en */ = {isa = PBXFileReference; lastKnownFileType = text.plist.strings; name = en; path = en.lproj/InfoPlist.strings; sourceTree = "<group>"; };
		620B624319F0F2C400D3322C /* map1.json */ = {isa = PBXFileReference; fileEncoding = 4; lastKnownFileType = text.json; path = map1.json; sourceTree = "<group>"; };
		620B624619F1559100D3322C /* PISKGame.h */ = {isa = PBXFileReference; fileEncoding = 4; lastKnownFileType = sourcecode.c.h; path = PISKGame.h; sourceTree = "<group>"; };
		620B624719F1559100D3322C /* PISKGame.m */ = {isa = PBXFileReference; fileEncoding = 4; lastKnownFileType = sourcecode.c.objc; path = PISKGame.m; sourceTree = "<group>"; };
		620B624A19F1768F00D3322C /* GameProtocols.h */ = {isa = PBXFileReference; lastKnownFileType = sourcecode.c.h; path = GameProtocols.h; sourceTree = "<group>"; };
		620B624B19F176EE00D3322C /* PISKGameQuadTree.h */ = {isa = PBXFileReference; fileEncoding = 4; lastKnownFileType = sourcecode.c.h; path = PISKGameQuadTree.h; sourceTree = "<group>"; };
		620B624C19F176EE00D3322C /* PISKGameQuadTree.m */ = {isa = PBXFileReference; fileEncoding = 4; lastKnownFileType = sourcecode.c.objc; path = PISKGameQuadTree.m; sourceTree = "<group>"; };
		620B624E19F1794D00D3322C /* GLKit.framework */ = {isa = PBXFileReference; lastKnownFileType = wrapper.framework; name = GLKit.framework; path = System/Library/Frameworks/GLKit.framework; sourceTree = SDKROOT; };
		620B624F19F1794D00D3322C /* OpenGLES.framework */ = {isa = PBXFileReference; lastKnownFileType = wrapper.framework; name = OpenGLES.framework; path = System/Library/Frameworks/OpenGLES.framework; sourceTree = SDKROOT; };
		626E2B6B19F79042006FB619 /* PISKGameCar.h */ = {isa = PBXFileReference; fileEncoding = 4; lastKnownFileType = sourcecode.c.h; path = PISKGameCar.h; sourceTree = "<group>"; };
		626E2B6C19F79042006FB619 /* PISKGameCar.m */ = {isa = PBXFileReference; fileEncoding = 4; lastKnownFileType = sourcecode.c.objc; path = PISKGameCar.m; sourceTree = "<group>"; };
		626E2B6F19F93DF2006FB619 /* PISKMCRoadFragment.h */ = {isa = PBXFileReference; fileEncoding = 4; lastKnownFileType = sourcecode.c.h; path = PISKMCRoadFragment.h; sourceTree = "<group>"; };
		626E2B7019F93DF2006FB619 /* PISKMCRoadFragment.m */ = {isa = PBXFileReference; fileEncoding = 4; lastKnownFileType = sourcecode.c.objc; path = PISKMCRoadFragment.m; sourceTree = "<group>"; };
		62779E8F19F56A2A00863231 /* PISK__QuadTree.m */ = {isa = PBXFileReference; fileEncoding = 4; lastKnownFileType = sourcecode.c.objc; path = PISK__QuadTree.m; sourceTree = "<group>"; };
		6292E5E919F258FB0048BF2E /* PISKGameSegment.h */ = {isa = PBXFileReference; fileEncoding = 4; lastKnownFileType = sourcecode.c.h; path = PISKGameSegment.h; sourceTree = "<group>"; };
		6292E5EA19F258FB0048BF2E /* PISKGameSegment.m */ = {isa = PBXFileReference; fileEncoding = 4; lastKnownFileType = sourcecode.c.objc; path = PISKGameSegment.m; sourceTree = "<group>"; };
		6292E5EF19F2620C0048BF2E /* GameFunctions.h */ = {isa = PBXFileReference; lastKnownFileType = sourcecode.c.h; path = GameFunctions.h; sourceTree = "<group>"; };
		6292E5F019F265B30048BF2E /* PISKMapCompiller.h */ = {isa = PBXFileReference; fileEncoding = 4; lastKnownFileType = sourcecode.c.h; path = PISKMapCompiller.h; sourceTree = "<group>"; };
		6292E5F119F265B30048BF2E /* PISKMapCompiller.m */ = {isa = PBXFileReference; fileEncoding = 4; lastKnownFileType = sourcecode.c.objc; path = PISKMapCompiller.m; sourceTree = "<group>"; };
		6292E5F319F2B98C0048BF2E /* PISKMCGroundFragment.h */ = {isa = PBXFileReference; fileEncoding = 4; lastKnownFileType = sourcecode.c.h; path = PISKMCGroundFragment.h; sourceTree = "<group>"; };
		6292E5F419F2B98C0048BF2E /* PISKMCGroundFragment.m */ = {isa = PBXFileReference; fileEncoding = 4; lastKnownFileType = sourcecode.c.objc; path = PISKMCGroundFragment.m; sourceTree = "<group>"; };
		6292E5F619F50EF10048BF2E /* PISK__GameSegment.m */ = {isa = PBXFileReference; fileEncoding = 4; lastKnownFileType = sourcecode.c.objc; path = PISK__GameSegment.m; sourceTree = "<group>"; };
		6292E5F819F5148D0048BF2E /* tests-common.h */ = {isa = PBXFileReference; lastKnownFileType = sourcecode.c.h; path = "tests-common.h"; sourceTree = "<group>"; };
/* End PBXFileReference section */

/* Begin PBXFrameworksBuildPhase section */
		620B620719F0F24400D3322C /* Frameworks */ = {
			isa = PBXFrameworksBuildPhase;
			buildActionMask = 2147483647;
			files = (
				620B625019F1794D00D3322C /* GLKit.framework in Frameworks */,
				620B625119F1794D00D3322C /* OpenGLES.framework in Frameworks */,
				620B621019F0F24400D3322C /* CoreGraphics.framework in Frameworks */,
				620B621219F0F24400D3322C /* UIKit.framework in Frameworks */,
				620B620E19F0F24400D3322C /* Foundation.framework in Frameworks */,
			);
			runOnlyForDeploymentPostprocessing = 0;
		};
		620B622819F0F24400D3322C /* Frameworks */ = {
			isa = PBXFrameworksBuildPhase;
			buildActionMask = 2147483647;
			files = (
				620B622D19F0F24400D3322C /* XCTest.framework in Frameworks */,
				620B622F19F0F24400D3322C /* UIKit.framework in Frameworks */,
				620B622E19F0F24400D3322C /* Foundation.framework in Frameworks */,
			);
			runOnlyForDeploymentPostprocessing = 0;
		};
/* End PBXFrameworksBuildPhase section */

/* Begin PBXGroup section */
		620B620119F0F24400D3322C = {
			isa = PBXGroup;
			children = (
				620B621319F0F24400D3322C /* glk-game-racer */,
				620B623219F0F24400D3322C /* glk-game-racerTests */,
				620B620C19F0F24400D3322C /* Frameworks */,
				620B620B19F0F24400D3322C /* Products */,
			);
			sourceTree = "<group>";
		};
		620B620B19F0F24400D3322C /* Products */ = {
			isa = PBXGroup;
			children = (
				620B620A19F0F24400D3322C /* glk-game-racer.app */,
				620B622B19F0F24400D3322C /* glk-game-racerTests.xctest */,
			);
			name = Products;
			sourceTree = "<group>";
		};
		620B620C19F0F24400D3322C /* Frameworks */ = {
			isa = PBXGroup;
			children = (
				620B624E19F1794D00D3322C /* GLKit.framework */,
				620B624F19F1794D00D3322C /* OpenGLES.framework */,
				620B620D19F0F24400D3322C /* Foundation.framework */,
				620B620F19F0F24400D3322C /* CoreGraphics.framework */,
				620B621119F0F24400D3322C /* UIKit.framework */,
				620B622C19F0F24400D3322C /* XCTest.framework */,
			);
			name = Frameworks;
			sourceTree = "<group>";
		};
		620B621319F0F24400D3322C /* glk-game-racer */ = {
			isa = PBXGroup;
			children = (
				626E2B6E19F7EEF2006FB619 /* Render */,
				620B624919F172EE00D3322C /* MapCompiller */,
				620B624519F1556D00D3322C /* Game */,
				620B624219F0F26500D3322C /* maps */,
				620B621C19F0F24400D3322C /* PISKAppDelegate.h */,
				620B621D19F0F24400D3322C /* PISKAppDelegate.m */,
				620B621F19F0F24400D3322C /* Main.storyboard */,
				620B622219F0F24400D3322C /* PISKViewController.h */,
				620B622319F0F24400D3322C /* PISKViewController.m */,
				620B622519F0F24400D3322C /* Images.xcassets */,
				620B621419F0F24400D3322C /* Supporting Files */,
			);
			path = "glk-game-racer";
			sourceTree = "<group>";
		};
		620B621419F0F24400D3322C /* Supporting Files */ = {
			isa = PBXGroup;
			children = (
				620B621519F0F24400D3322C /* glk-game-racer-Info.plist */,
				620B621619F0F24400D3322C /* InfoPlist.strings */,
				620B621919F0F24400D3322C /* main.m */,
				620B621B19F0F24400D3322C /* glk-game-racer-Prefix.pch */,
			);
			name = "Supporting Files";
			sourceTree = "<group>";
		};
		620B623219F0F24400D3322C /* glk-game-racerTests */ = {
			isa = PBXGroup;
			children = (
				620B623319F0F24400D3322C /* Supporting Files */,
				6292E5F619F50EF10048BF2E /* PISK__GameSegment.m */,
				62779E8F19F56A2A00863231 /* PISK__QuadTree.m */,
			);
			path = "glk-game-racerTests";
			sourceTree = "<group>";
		};
		620B623319F0F24400D3322C /* Supporting Files */ = {
			isa = PBXGroup;
			children = (
				620B623419F0F24400D3322C /* glk-game-racerTests-Info.plist */,
				620B623519F0F24400D3322C /* InfoPlist.strings */,
				6292E5F819F5148D0048BF2E /* tests-common.h */,
			);
			name = "Supporting Files";
			sourceTree = "<group>";
		};
		620B624219F0F26500D3322C /* maps */ = {
			isa = PBXGroup;
			children = (
				620B624319F0F2C400D3322C /* map1.json */,
			);
			name = maps;
			sourceTree = "<group>";
		};
		620B624519F1556D00D3322C /* Game */ = {
			isa = PBXGroup;
			children = (
				620B624619F1559100D3322C /* PISKGame.h */,
				620B624719F1559100D3322C /* PISKGame.m */,
				620B624A19F1768F00D3322C /* GameProtocols.h */,
				620B624B19F176EE00D3322C /* PISKGameQuadTree.h */,
				620B624C19F176EE00D3322C /* PISKGameQuadTree.m */,
				6292E5E919F258FB0048BF2E /* PISKGameSegment.h */,
				6292E5EA19F258FB0048BF2E /* PISKGameSegment.m */,
				6292E5EF19F2620C0048BF2E /* GameFunctions.h */,
				626E2B6B19F79042006FB619 /* PISKGameCar.h */,
				626E2B6C19F79042006FB619 /* PISKGameCar.m */,
			);
			name = Game;
			sourceTree = "<group>";
		};
		620B624919F172EE00D3322C /* MapCompiller */ = {
			isa = PBXGroup;
			children = (
				6292E5F019F265B30048BF2E /* PISKMapCompiller.h */,
				6292E5F119F265B30048BF2E /* PISKMapCompiller.m */,
				6292E5F319F2B98C0048BF2E /* PISKMCGroundFragment.h */,
				6292E5F419F2B98C0048BF2E /* PISKMCGroundFragment.m */,
				626E2B6F19F93DF2006FB619 /* PISKMCRoadFragment.h */,
				626E2B7019F93DF2006FB619 /* PISKMCRoadFragment.m */,
			);
			name = MapCompiller;
			sourceTree = "<group>";
		};
		626E2B6E19F7EEF2006FB619 /* Render */ = {
			isa = PBXGroup;
			children = (
			);
			name = Render;
			sourceTree = "<group>";
		};
/* End PBXGroup section */

/* Begin PBXNativeTarget section */
		620B620919F0F24400D3322C /* glk-game-racer */ = {
			isa = PBXNativeTarget;
			buildConfigurationList = 620B623C19F0F24400D3322C /* Build configuration list for PBXNativeTarget "glk-game-racer" */;
			buildPhases = (
				620B620619F0F24400D3322C /* Sources */,
				620B620719F0F24400D3322C /* Frameworks */,
				620B620819F0F24400D3322C /* Resources */,
			);
			buildRules = (
			);
			dependencies = (
			);
			name = "glk-game-racer";
			productName = "glk-game-racer";
			productReference = 620B620A19F0F24400D3322C /* glk-game-racer.app */;
			productType = "com.apple.product-type.application";
		};
		620B622A19F0F24400D3322C /* glk-game-racerTests */ = {
			isa = PBXNativeTarget;
			buildConfigurationList = 620B623F19F0F24400D3322C /* Build configuration list for PBXNativeTarget "glk-game-racerTests" */;
			buildPhases = (
				620B622719F0F24400D3322C /* Sources */,
				620B622819F0F24400D3322C /* Frameworks */,
				620B622919F0F24400D3322C /* Resources */,
			);
			buildRules = (
			);
			dependencies = (
				620B623119F0F24400D3322C /* PBXTargetDependency */,
			);
			name = "glk-game-racerTests";
			productName = "glk-game-racerTests";
			productReference = 620B622B19F0F24400D3322C /* glk-game-racerTests.xctest */;
			productType = "com.apple.product-type.bundle.unit-test";
		};
/* End PBXNativeTarget section */

/* Begin PBXProject section */
		620B620219F0F24400D3322C /* Project object */ = {
			isa = PBXProject;
			attributes = {
				CLASSPREFIX = PISK;
				LastUpgradeCheck = 0510;
				ORGANIZATIONNAME = "___FULLUSERNAME___";
				TargetAttributes = {
					620B622A19F0F24400D3322C = {
						TestTargetID = 620B620919F0F24400D3322C;
					};
				};
			};
			buildConfigurationList = 620B620519F0F24400D3322C /* Build configuration list for PBXProject "glk-game-racer" */;
			compatibilityVersion = "Xcode 3.2";
			developmentRegion = English;
			hasScannedForEncodings = 0;
			knownRegions = (
				en,
				Base,
			);
			mainGroup = 620B620119F0F24400D3322C;
			productRefGroup = 620B620B19F0F24400D3322C /* Products */;
			projectDirPath = "";
			projectRoot = "";
			targets = (
				620B620919F0F24400D3322C /* glk-game-racer */,
				620B622A19F0F24400D3322C /* glk-game-racerTests */,
			);
		};
/* End PBXProject section */

/* Begin PBXResourcesBuildPhase section */
		620B620819F0F24400D3322C /* Resources */ = {
			isa = PBXResourcesBuildPhase;
			buildActionMask = 2147483647;
			files = (
				620B624419F0F2C400D3322C /* map1.json in Resources */,
				620B622619F0F24400D3322C /* Images.xcassets in Resources */,
				620B621819F0F24400D3322C /* InfoPlist.strings in Resources */,
				620B622119F0F24400D3322C /* Main.storyboard in Resources */,
			);
			runOnlyForDeploymentPostprocessing = 0;
		};
		620B622919F0F24400D3322C /* Resources */ = {
			isa = PBXResourcesBuildPhase;
			buildActionMask = 2147483647;
			files = (
				620B623719F0F24400D3322C /* InfoPlist.strings in Resources */,
			);
			runOnlyForDeploymentPostprocessing = 0;
		};
/* End PBXResourcesBuildPhase section */

/* Begin PBXSourcesBuildPhase section */
		620B620619F0F24400D3322C /* Sources */ = {
			isa = PBXSourcesBuildPhase;
			buildActionMask = 2147483647;
			files = (
				6292E5F219F265B30048BF2E /* PISKMapCompiller.m in Sources */,
				620B621A19F0F24400D3322C /* main.m in Sources */,
				620B621E19F0F24400D3322C /* PISKAppDelegate.m in Sources */,
				6292E5F519F2B98C0048BF2E /* PISKMCGroundFragment.m in Sources */,
				626E2B6D19F79042006FB619 /* PISKGameCar.m in Sources */,
				620B624819F1559100D3322C /* PISKGame.m in Sources */,
				620B624D19F176EE00D3322C /* PISKGameQuadTree.m in Sources */,
				6292E5EB19F258FB0048BF2E /* PISKGameSegment.m in Sources */,
				626E2B7119F93DF2006FB619 /* PISKMCRoadFragment.m in Sources */,
				620B622419F0F24400D3322C /* PISKViewController.m in Sources */,
			);
			runOnlyForDeploymentPostprocessing = 0;
		};
		620B622719F0F24400D3322C /* Sources */ = {
			isa = PBXSourcesBuildPhase;
			buildActionMask = 2147483647;
			files = (
				6292E5F719F50EF10048BF2E /* PISK__GameSegment.m in Sources */,
				62779E9019F56A2A00863231 /* PISK__QuadTree.m in Sources */,
			);
			runOnlyForDeploymentPostprocessing = 0;
		};
/* End PBXSourcesBuildPhase section */

/* Begin PBXTargetDependency section */
		620B623119F0F24400D3322C /* PBXTargetDependency */ = {
			isa = PBXTargetDependency;
			target = 620B620919F0F24400D3322C /* glk-game-racer */;
			targetProxy = 620B623019F0F24400D3322C /* PBXContainerItemProxy */;
		};
/* End PBXTargetDependency section */

/* Begin PBXVariantGroup section */
		620B621619F0F24400D3322C /* InfoPlist.strings */ = {
			isa = PBXVariantGroup;
			children = (
				620B621719F0F24400D3322C /* en */,
			);
			name = InfoPlist.strings;
			sourceTree = "<group>";
		};
		620B621F19F0F24400D3322C /* Main.storyboard */ = {
			isa = PBXVariantGroup;
			children = (
				620B622019F0F24400D3322C /* Base */,
			);
			name = Main.storyboard;
			sourceTree = "<group>";
		};
		620B623519F0F24400D3322C /* InfoPlist.strings */ = {
			isa = PBXVariantGroup;
			children = (
				620B623619F0F24400D3322C /* en */,
			);
			name = InfoPlist.strings;
			sourceTree = "<group>";
		};
/* End PBXVariantGroup section */

/* Begin XCBuildConfiguration section */
		620B623A19F0F24400D3322C /* Debug */ = {
			isa = XCBuildConfiguration;
			buildSettings = {
				ALWAYS_SEARCH_USER_PATHS = NO;
				CLANG_CXX_LANGUAGE_STANDARD = "gnu++0x";
				CLANG_CXX_LIBRARY = "libc++";
				CLANG_ENABLE_MODULES = YES;
				CLANG_ENABLE_OBJC_ARC = YES;
				CLANG_WARN_BOOL_CONVERSION = YES;
				CLANG_WARN_CONSTANT_CONVERSION = YES;
				CLANG_WARN_DIRECT_OBJC_ISA_USAGE = YES_ERROR;
				CLANG_WARN_EMPTY_BODY = YES;
				CLANG_WARN_ENUM_CONVERSION = YES;
				CLANG_WARN_INT_CONVERSION = YES;
				CLANG_WARN_OBJC_ROOT_CLASS = YES_ERROR;
				CLANG_WARN__DUPLICATE_METHOD_MATCH = YES;
				"CODE_SIGN_IDENTITY[sdk=iphoneos*]" = "iPhone Developer";
				COPY_PHASE_STRIP = NO;
				GCC_C_LANGUAGE_STANDARD = gnu99;
				GCC_DYNAMIC_NO_PIC = NO;
				GCC_OPTIMIZATION_LEVEL = 0;
				GCC_PREPROCESSOR_DEFINITIONS = (
					"DEBUG=1",
					"$(inherited)",
				);
				GCC_SYMBOLS_PRIVATE_EXTERN = NO;
				GCC_WARN_64_TO_32_BIT_CONVERSION = YES;
				GCC_WARN_ABOUT_RETURN_TYPE = YES_ERROR;
				GCC_WARN_UNDECLARED_SELECTOR = YES;
				GCC_WARN_UNINITIALIZED_AUTOS = YES_AGGRESSIVE;
				GCC_WARN_UNUSED_FUNCTION = YES;
				GCC_WARN_UNUSED_VARIABLE = YES;
				IPHONEOS_DEPLOYMENT_TARGET = 7.1;
				ONLY_ACTIVE_ARCH = YES;
				SDKROOT = iphoneos;
			};
			name = Debug;
		};
		620B623B19F0F24400D3322C /* Release */ = {
			isa = XCBuildConfiguration;
			buildSettings = {
				ALWAYS_SEARCH_USER_PATHS = NO;
				CLANG_CXX_LANGUAGE_STANDARD = "gnu++0x";
				CLANG_CXX_LIBRARY = "libc++";
				CLANG_ENABLE_MODULES = YES;
				CLANG_ENABLE_OBJC_ARC = YES;
				CLANG_WARN_BOOL_CONVERSION = YES;
				CLANG_WARN_CONSTANT_CONVERSION = YES;
				CLANG_WARN_DIRECT_OBJC_ISA_USAGE = YES_ERROR;
				CLANG_WARN_EMPTY_BODY = YES;
				CLANG_WARN_ENUM_CONVERSION = YES;
				CLANG_WARN_INT_CONVERSION = YES;
				CLANG_WARN_OBJC_ROOT_CLASS = YES_ERROR;
				CLANG_WARN__DUPLICATE_METHOD_MATCH = YES;
				"CODE_SIGN_IDENTITY[sdk=iphoneos*]" = "iPhone Developer";
				COPY_PHASE_STRIP = YES;
				ENABLE_NS_ASSERTIONS = NO;
				GCC_C_LANGUAGE_STANDARD = gnu99;
				GCC_WARN_64_TO_32_BIT_CONVERSION = YES;
				GCC_WARN_ABOUT_RETURN_TYPE = YES_ERROR;
				GCC_WARN_UNDECLARED_SELECTOR = YES;
				GCC_WARN_UNINITIALIZED_AUTOS = YES_AGGRESSIVE;
				GCC_WARN_UNUSED_FUNCTION = YES;
				GCC_WARN_UNUSED_VARIABLE = YES;
				IPHONEOS_DEPLOYMENT_TARGET = 7.1;
				SDKROOT = iphoneos;
				VALIDATE_PRODUCT = YES;
			};
			name = Release;
		};
		620B623D19F0F24400D3322C /* Debug */ = {
			isa = XCBuildConfiguration;
			buildSettings = {
				ASSETCATALOG_COMPILER_APPICON_NAME = AppIcon;
				ASSETCATALOG_COMPILER_LAUNCHIMAGE_NAME = LaunchImage;
				GCC_PRECOMPILE_PREFIX_HEADER = YES;
				GCC_PREFIX_HEADER = "glk-game-racer/glk-game-racer-Prefix.pch";
				INFOPLIST_FILE = "glk-game-racer/glk-game-racer-Info.plist";
				PRODUCT_NAME = "$(TARGET_NAME)";
				WRAPPER_EXTENSION = app;
			};
			name = Debug;
		};
		620B623E19F0F24400D3322C /* Release */ = {
			isa = XCBuildConfiguration;
			buildSettings = {
				ASSETCATALOG_COMPILER_APPICON_NAME = AppIcon;
				ASSETCATALOG_COMPILER_LAUNCHIMAGE_NAME = LaunchImage;
				GCC_PRECOMPILE_PREFIX_HEADER = YES;
				GCC_PREFIX_HEADER = "glk-game-racer/glk-game-racer-Prefix.pch";
				INFOPLIST_FILE = "glk-game-racer/glk-game-racer-Info.plist";
				PRODUCT_NAME = "$(TARGET_NAME)";
				WRAPPER_EXTENSION = app;
			};
			name = Release;
		};
		620B624019F0F24400D3322C /* Debug */ = {
			isa = XCBuildConfiguration;
			buildSettings = {
				BUNDLE_LOADER = "$(BUILT_PRODUCTS_DIR)/glk-game-racer.app/glk-game-racer";
				FRAMEWORK_SEARCH_PATHS = (
					"$(SDKROOT)/Developer/Library/Frameworks",
					"$(inherited)",
					"$(DEVELOPER_FRAMEWORKS_DIR)",
				);
				GCC_PRECOMPILE_PREFIX_HEADER = YES;
				GCC_PREFIX_HEADER = "glk-game-racer/glk-game-racer-Prefix.pch";
				GCC_PREPROCESSOR_DEFINITIONS = (
					"DEBUG=1",
					"$(inherited)",
				);
				INFOPLIST_FILE = "glk-game-racerTests/glk-game-racerTests-Info.plist";
				PRODUCT_NAME = "$(TARGET_NAME)";
				TEST_HOST = "$(BUNDLE_LOADER)";
				WRAPPER_EXTENSION = xctest;
			};
			name = Debug;
		};
		620B624119F0F24400D3322C /* Release */ = {
			isa = XCBuildConfiguration;
			buildSettings = {
				BUNDLE_LOADER = "$(BUILT_PRODUCTS_DIR)/glk-game-racer.app/glk-game-racer";
				FRAMEWORK_SEARCH_PATHS = (
					"$(SDKROOT)/Developer/Library/Frameworks",
					"$(inherited)",
					"$(DEVELOPER_FRAMEWORKS_DIR)",
				);
				GCC_PRECOMPILE_PREFIX_HEADER = YES;
				GCC_PREFIX_HEADER = "glk-game-racer/glk-game-racer-Prefix.pch";
				INFOPLIST_FILE = "glk-game-racerTests/glk-game-racerTests-Info.plist";
				PRODUCT_NAME = "$(TARGET_NAME)";
				TEST_HOST = "$(BUNDLE_LOADER)";
				WRAPPER_EXTENSION = xctest;
			};
			name = Release;
		};
/* End XCBuildConfiguration section */

/* Begin XCConfigurationList section */
		620B620519F0F24400D3322C /* Build configuration list for PBXProject "glk-game-racer" */ = {
			isa = XCConfigurationList;
			buildConfigurations = (
				620B623A19F0F24400D3322C /* Debug */,
				620B623B19F0F24400D3322C /* Release */,
			);
			defaultConfigurationIsVisible = 0;
			defaultConfigurationName = Release;
		};
		620B623C19F0F24400D3322C /* Build configuration list for PBXNativeTarget "glk-game-racer" */ = {
			isa = XCConfigurationList;
			buildConfigurations = (
				620B623D19F0F24400D3322C /* Debug */,
				620B623E19F0F24400D3322C /* Release */,
			);
			defaultConfigurationIsVisible = 0;
			defaultConfigurationName = Release;
		};
		620B623F19F0F24400D3322C /* Build configuration list for PBXNativeTarget "glk-game-racerTests" */ = {
			isa = XCConfigurationList;
			buildConfigurations = (
				620B624019F0F24400D3322C /* Debug */,
				620B624119F0F24400D3322C /* Release */,
			);
			defaultConfigurationIsVisible = 0;
			defaultConfigurationName = Release;
		};
/* End XCConfigurationList section */
	};
	rootObject = 620B620219F0F24400D3322C /* Project object */;
}
